// !$*UTF8*$!
{
	archiveVersion = 1;
	classes = {
	};
	objectVersion = 46;
	objects = {

/* Begin PBXBuildFile section */
		07780D4D1E6D860E00BC3630 /* AppDelegate.swift in Sources */ = {isa = PBXBuildFile; fileRef = 07780D4C1E6D860E00BC3630 /* AppDelegate.swift */; };
		07780D4F1E6D860E00BC3630 /* MovieViewController.swift in Sources */ = {isa = PBXBuildFile; fileRef = 07780D4E1E6D860E00BC3630 /* MovieViewController.swift */; };
		07780D521E6D860E00BC3630 /* Main.storyboard in Resources */ = {isa = PBXBuildFile; fileRef = 07780D501E6D860E00BC3630 /* Main.storyboard */; };
		07780D541E6D860E00BC3630 /* Assets.xcassets in Resources */ = {isa = PBXBuildFile; fileRef = 07780D531E6D860E00BC3630 /* Assets.xcassets */; };
		07780D571E6D860E00BC3630 /* LaunchScreen.storyboard in Resources */ = {isa = PBXBuildFile; fileRef = 07780D551E6D860E00BC3630 /* LaunchScreen.storyboard */; };
		AC168942206C693B00950C16 /* MovieTableViewCell.swift in Sources */ = {isa = PBXBuildFile; fileRef = AC168941206C693B00950C16 /* MovieTableViewCell.swift */; };
		AC16895D206C6C6300950C16 /* madmax-wide.jpg in Resources */ = {isa = PBXBuildFile; fileRef = AC168943206C6C5B00950C16 /* madmax-wide.jpg */; };
		AC16895E206C6C6300950C16 /* suicidesquad-small.jpg in Resources */ = {isa = PBXBuildFile; fileRef = AC168944206C6C5C00950C16 /* suicidesquad-small.jpg */; };
		AC16895F206C6C6300950C16 /* kongskull-small.jpg in Resources */ = {isa = PBXBuildFile; fileRef = AC168945206C6C5C00950C16 /* kongskull-small.jpg */; };
		AC168960206C6C6300950C16 /* madmax-small.jpg in Resources */ = {isa = PBXBuildFile; fileRef = AC168946206C6C5C00950C16 /* madmax-small.jpg */; };
		AC168961206C6C6300950C16 /* rogueone-wide.jpg in Resources */ = {isa = PBXBuildFile; fileRef = AC168947206C6C5C00950C16 /* rogueone-wide.jpg */; };
		AC168962206C6C6300950C16 /* sully-small.jpg in Resources */ = {isa = PBXBuildFile; fileRef = AC168948206C6C5D00950C16 /* sully-small.jpg */; };
		AC168963206C6C6300950C16 /* arrival-wide.jpg in Resources */ = {isa = PBXBuildFile; fileRef = AC168949206C6C5D00950C16 /* arrival-wide.jpg */; };
		AC168964206C6C6300950C16 /* civilwar-small.jpg in Resources */ = {isa = PBXBuildFile; fileRef = AC16894A206C6C5D00950C16 /* civilwar-small.jpg */; };
		AC168965206C6C6300950C16 /* avengersultron-wide.jpg in Resources */ = {isa = PBXBuildFile; fileRef = AC16894B206C6C5D00950C16 /* avengersultron-wide.jpg */; };
		AC168966206C6C6300950C16 /* legobatman-small.jpg in Resources */ = {isa = PBXBuildFile; fileRef = AC16894C206C6C5D00950C16 /* legobatman-small.jpg */; };
		AC168967206C6C6300950C16 /* doctorstrange-small.jpg in Resources */ = {isa = PBXBuildFile; fileRef = AC16894D206C6C5E00950C16 /* doctorstrange-small.jpg */; };
		AC168968206C6C6300950C16 /* rogueone-small.jpg in Resources */ = {isa = PBXBuildFile; fileRef = AC16894E206C6C5E00950C16 /* rogueone-small.jpg */; };
		AC168969206C6C6300950C16 /* kongskull-wide.jpg in Resources */ = {isa = PBXBuildFile; fileRef = AC16894F206C6C5E00950C16 /* kongskull-wide.jpg */; };
		AC16896A206C6C6300950C16 /* logan-small.jpg in Resources */ = {isa = PBXBuildFile; fileRef = AC168950206C6C5F00950C16 /* logan-small.jpg */; };
		AC16896B206C6C6300950C16 /* deadpool-wide.jpg in Resources */ = {isa = PBXBuildFile; fileRef = AC168951206C6C5F00950C16 /* deadpool-wide.jpg */; };
		AC16896C206C6C6300950C16 /* batmanvsuperman-small.jpg in Resources */ = {isa = PBXBuildFile; fileRef = AC168952206C6C5F00950C16 /* batmanvsuperman-small.jpg */; };
		AC16896D206C6C6300950C16 /* legobatman-wide.jpg in Resources */ = {isa = PBXBuildFile; fileRef = AC168953206C6C6000950C16 /* legobatman-wide.jpg */; };
		AC16896E206C6C6300950C16 /* deadpool-small.jpg in Resources */ = {isa = PBXBuildFile; fileRef = AC168954206C6C6000950C16 /* deadpool-small.jpg */; };
		AC16896F206C6C6300950C16 /* logan-wide.jpg in Resources */ = {isa = PBXBuildFile; fileRef = AC168955206C6C6000950C16 /* logan-wide.jpg */; };
		AC168970206C6C6300950C16 /* doctorstrange-wide.jpg in Resources */ = {isa = PBXBuildFile; fileRef = AC168956206C6C6100950C16 /* doctorstrange-wide.jpg */; };
		AC168971206C6C6300950C16 /* suicidesquad-wide.jpg in Resources */ = {isa = PBXBuildFile; fileRef = AC168957206C6C6100950C16 /* suicidesquad-wide.jpg */; };
		AC168972206C6C6300950C16 /* sully-wide.jpg in Resources */ = {isa = PBXBuildFile; fileRef = AC168958206C6C6100950C16 /* sully-wide.jpg */; };
		AC168973206C6C6300950C16 /* avengersultron-small.jpg in Resources */ = {isa = PBXBuildFile; fileRef = AC168959206C6C6100950C16 /* avengersultron-small.jpg */; };
		AC168974206C6C6300950C16 /* civilwar-wide.jpg in Resources */ = {isa = PBXBuildFile; fileRef = AC16895A206C6C6200950C16 /* civilwar-wide.jpg */; };
		AC168975206C6C6300950C16 /* arrival-small.jpg in Resources */ = {isa = PBXBuildFile; fileRef = AC16895B206C6C6200950C16 /* arrival-small.jpg */; };
		AC168976206C6C6300950C16 /* batmanvsuperman-wide.jpg in Resources */ = {isa = PBXBuildFile; fileRef = AC16895C206C6C6200950C16 /* batmanvsuperman-wide.jpg */; };
		ACBDE46E206C4EA700E43222 /* movies.json in Resources */ = {isa = PBXBuildFile; fileRef = ACBDE46D206C4EA700E43222 /* movies.json */; };
		ACBDE470206C4EFB00E43222 /* Movie.swift in Sources */ = {isa = PBXBuildFile; fileRef = ACBDE46F206C4EFB00E43222 /* Movie.swift */; };
		ACBDE472206C508500E43222 /* MoviesTableViewController.swift in Sources */ = {isa = PBXBuildFile; fileRef = ACBDE471206C508500E43222 /* MoviesTableViewController.swift */; };
/* End PBXBuildFile section */

/* Begin PBXFileReference section */
		07780D491E6D860E00BC3630 /* MoviesLib.app */ = {isa = PBXFileReference; explicitFileType = wrapper.application; includeInIndex = 0; path = MoviesLib.app; sourceTree = BUILT_PRODUCTS_DIR; };
		07780D4C1E6D860E00BC3630 /* AppDelegate.swift */ = {isa = PBXFileReference; lastKnownFileType = sourcecode.swift; path = AppDelegate.swift; sourceTree = "<group>"; };
		07780D4E1E6D860E00BC3630 /* MovieViewController.swift */ = {isa = PBXFileReference; lastKnownFileType = sourcecode.swift; path = MovieViewController.swift; sourceTree = "<group>"; };
		07780D511E6D860E00BC3630 /* Base */ = {isa = PBXFileReference; lastKnownFileType = file.storyboard; name = Base; path = Base.lproj/Main.storyboard; sourceTree = "<group>"; };
		07780D531E6D860E00BC3630 /* Assets.xcassets */ = {isa = PBXFileReference; lastKnownFileType = folder.assetcatalog; path = Assets.xcassets; sourceTree = "<group>"; };
		07780D561E6D860E00BC3630 /* Base */ = {isa = PBXFileReference; lastKnownFileType = file.storyboard; name = Base; path = Base.lproj/LaunchScreen.storyboard; sourceTree = "<group>"; };
		07780D581E6D860E00BC3630 /* Info.plist */ = {isa = PBXFileReference; lastKnownFileType = text.plist.xml; path = Info.plist; sourceTree = "<group>"; };
		AC168941206C693B00950C16 /* MovieTableViewCell.swift */ = {isa = PBXFileReference; lastKnownFileType = sourcecode.swift; path = MovieTableViewCell.swift; sourceTree = "<group>"; };
		AC168943206C6C5B00950C16 /* madmax-wide.jpg */ = {isa = PBXFileReference; lastKnownFileType = image.jpeg; path = "madmax-wide.jpg"; sourceTree = "<group>"; };
		AC168944206C6C5C00950C16 /* suicidesquad-small.jpg */ = {isa = PBXFileReference; lastKnownFileType = image.jpeg; path = "suicidesquad-small.jpg"; sourceTree = "<group>"; };
		AC168945206C6C5C00950C16 /* kongskull-small.jpg */ = {isa = PBXFileReference; lastKnownFileType = image.jpeg; path = "kongskull-small.jpg"; sourceTree = "<group>"; };
		AC168946206C6C5C00950C16 /* madmax-small.jpg */ = {isa = PBXFileReference; lastKnownFileType = image.jpeg; path = "madmax-small.jpg"; sourceTree = "<group>"; };
		AC168947206C6C5C00950C16 /* rogueone-wide.jpg */ = {isa = PBXFileReference; lastKnownFileType = image.jpeg; path = "rogueone-wide.jpg"; sourceTree = "<group>"; };
		AC168948206C6C5D00950C16 /* sully-small.jpg */ = {isa = PBXFileReference; lastKnownFileType = image.jpeg; path = "sully-small.jpg"; sourceTree = "<group>"; };
		AC168949206C6C5D00950C16 /* arrival-wide.jpg */ = {isa = PBXFileReference; lastKnownFileType = image.jpeg; path = "arrival-wide.jpg"; sourceTree = "<group>"; };
		AC16894A206C6C5D00950C16 /* civilwar-small.jpg */ = {isa = PBXFileReference; lastKnownFileType = image.jpeg; path = "civilwar-small.jpg"; sourceTree = "<group>"; };
		AC16894B206C6C5D00950C16 /* avengersultron-wide.jpg */ = {isa = PBXFileReference; lastKnownFileType = image.jpeg; path = "avengersultron-wide.jpg"; sourceTree = "<group>"; };
		AC16894C206C6C5D00950C16 /* legobatman-small.jpg */ = {isa = PBXFileReference; lastKnownFileType = image.jpeg; path = "legobatman-small.jpg"; sourceTree = "<group>"; };
		AC16894D206C6C5E00950C16 /* doctorstrange-small.jpg */ = {isa = PBXFileReference; lastKnownFileType = image.jpeg; path = "doctorstrange-small.jpg"; sourceTree = "<group>"; };
		AC16894E206C6C5E00950C16 /* rogueone-small.jpg */ = {isa = PBXFileReference; lastKnownFileType = image.jpeg; path = "rogueone-small.jpg"; sourceTree = "<group>"; };
		AC16894F206C6C5E00950C16 /* kongskull-wide.jpg */ = {isa = PBXFileReference; lastKnownFileType = image.jpeg; path = "kongskull-wide.jpg"; sourceTree = "<group>"; };
		AC168950206C6C5F00950C16 /* logan-small.jpg */ = {isa = PBXFileReference; lastKnownFileType = image.jpeg; path = "logan-small.jpg"; sourceTree = "<group>"; };
		AC168951206C6C5F00950C16 /* deadpool-wide.jpg */ = {isa = PBXFileReference; lastKnownFileType = image.jpeg; path = "deadpool-wide.jpg"; sourceTree = "<group>"; };
		AC168952206C6C5F00950C16 /* batmanvsuperman-small.jpg */ = {isa = PBXFileReference; lastKnownFileType = image.jpeg; path = "batmanvsuperman-small.jpg"; sourceTree = "<group>"; };
		AC168953206C6C6000950C16 /* legobatman-wide.jpg */ = {isa = PBXFileReference; lastKnownFileType = image.jpeg; path = "legobatman-wide.jpg"; sourceTree = "<group>"; };
		AC168954206C6C6000950C16 /* deadpool-small.jpg */ = {isa = PBXFileReference; lastKnownFileType = image.jpeg; path = "deadpool-small.jpg"; sourceTree = "<group>"; };
		AC168955206C6C6000950C16 /* logan-wide.jpg */ = {isa = PBXFileReference; lastKnownFileType = image.jpeg; path = "logan-wide.jpg"; sourceTree = "<group>"; };
		AC168956206C6C6100950C16 /* doctorstrange-wide.jpg */ = {isa = PBXFileReference; lastKnownFileType = image.jpeg; path = "doctorstrange-wide.jpg"; sourceTree = "<group>"; };
		AC168957206C6C6100950C16 /* suicidesquad-wide.jpg */ = {isa = PBXFileReference; lastKnownFileType = image.jpeg; path = "suicidesquad-wide.jpg"; sourceTree = "<group>"; };
		AC168958206C6C6100950C16 /* sully-wide.jpg */ = {isa = PBXFileReference; lastKnownFileType = image.jpeg; path = "sully-wide.jpg"; sourceTree = "<group>"; };
		AC168959206C6C6100950C16 /* avengersultron-small.jpg */ = {isa = PBXFileReference; lastKnownFileType = image.jpeg; path = "avengersultron-small.jpg"; sourceTree = "<group>"; };
		AC16895A206C6C6200950C16 /* civilwar-wide.jpg */ = {isa = PBXFileReference; lastKnownFileType = image.jpeg; path = "civilwar-wide.jpg"; sourceTree = "<group>"; };
		AC16895B206C6C6200950C16 /* arrival-small.jpg */ = {isa = PBXFileReference; lastKnownFileType = image.jpeg; path = "arrival-small.jpg"; sourceTree = "<group>"; };
		AC16895C206C6C6200950C16 /* batmanvsuperman-wide.jpg */ = {isa = PBXFileReference; lastKnownFileType = image.jpeg; path = "batmanvsuperman-wide.jpg"; sourceTree = "<group>"; };
		ACBDE46D206C4EA700E43222 /* movies.json */ = {isa = PBXFileReference; fileEncoding = 4; lastKnownFileType = text.json; path = movies.json; sourceTree = "<group>"; };
		ACBDE46F206C4EFB00E43222 /* Movie.swift */ = {isa = PBXFileReference; lastKnownFileType = sourcecode.swift; path = Movie.swift; sourceTree = "<group>"; };
		ACBDE471206C508500E43222 /* MoviesTableViewController.swift */ = {isa = PBXFileReference; lastKnownFileType = sourcecode.swift; path = MoviesTableViewController.swift; sourceTree = "<group>"; };
/* End PBXFileReference section */

/* Begin PBXFrameworksBuildPhase section */
		07780D461E6D860E00BC3630 /* Frameworks */ = {
			isa = PBXFrameworksBuildPhase;
			buildActionMask = 2147483647;
			files = (
			);
			runOnlyForDeploymentPostprocessing = 0;
		};
/* End PBXFrameworksBuildPhase section */

/* Begin PBXGroup section */
		07780D401E6D860E00BC3630 = {
			isa = PBXGroup;
			children = (
				07780D4B1E6D860E00BC3630 /* MoviesLib */,
				07780D4A1E6D860E00BC3630 /* Products */,
			);
			sourceTree = "<group>";
		};
		07780D4A1E6D860E00BC3630 /* Products */ = {
			isa = PBXGroup;
			children = (
				07780D491E6D860E00BC3630 /* MoviesLib.app */,
			);
			name = Products;
			sourceTree = "<group>";
		};
		07780D4B1E6D860E00BC3630 /* MoviesLib */ = {
			isa = PBXGroup;
			children = (
				ACBDE46D206C4EA700E43222 /* movies.json */,
				AC168977206C6C8400950C16 /* Files */,
				07780D4C1E6D860E00BC3630 /* AppDelegate.swift */,
				07780D4E1E6D860E00BC3630 /* MovieViewController.swift */,
				07780D501E6D860E00BC3630 /* Main.storyboard */,
				ACBDE471206C508500E43222 /* MoviesTableViewController.swift */,
				AC168941206C693B00950C16 /* MovieTableViewCell.swift */,
				07780D531E6D860E00BC3630 /* Assets.xcassets */,
				07780D551E6D860E00BC3630 /* LaunchScreen.storyboard */,
				07780D581E6D860E00BC3630 /* Info.plist */,
				ACBDE46F206C4EFB00E43222 /* Movie.swift */,
			);
			path = MoviesLib;
			sourceTree = "<group>";
		};
		AC168977206C6C8400950C16 /* Files */ = {
			isa = PBXGroup;
			children = (
				AC16895C206C6C6200950C16 /* batmanvsuperman-wide.jpg */,
				AC16894A206C6C5D00950C16 /* civilwar-small.jpg */,
				AC16895A206C6C6200950C16 /* civilwar-wide.jpg */,
				AC168954206C6C6000950C16 /* deadpool-small.jpg */,
				AC168951206C6C5F00950C16 /* deadpool-wide.jpg */,
				AC16894D206C6C5E00950C16 /* doctorstrange-small.jpg */,
				AC168956206C6C6100950C16 /* doctorstrange-wide.jpg */,
				AC168945206C6C5C00950C16 /* kongskull-small.jpg */,
				AC16894F206C6C5E00950C16 /* kongskull-wide.jpg */,
				AC16894C206C6C5D00950C16 /* legobatman-small.jpg */,
				AC168953206C6C6000950C16 /* legobatman-wide.jpg */,
				AC168950206C6C5F00950C16 /* logan-small.jpg */,
				AC168955206C6C6000950C16 /* logan-wide.jpg */,
				AC168946206C6C5C00950C16 /* madmax-small.jpg */,
				AC168943206C6C5B00950C16 /* madmax-wide.jpg */,
				AC16894E206C6C5E00950C16 /* rogueone-small.jpg */,
				AC168947206C6C5C00950C16 /* rogueone-wide.jpg */,
				AC168944206C6C5C00950C16 /* suicidesquad-small.jpg */,
				AC168957206C6C6100950C16 /* suicidesquad-wide.jpg */,
				AC168948206C6C5D00950C16 /* sully-small.jpg */,
				AC168958206C6C6100950C16 /* sully-wide.jpg */,
				AC16895B206C6C6200950C16 /* arrival-small.jpg */,
				AC168949206C6C5D00950C16 /* arrival-wide.jpg */,
				AC168959206C6C6100950C16 /* avengersultron-small.jpg */,
				AC16894B206C6C5D00950C16 /* avengersultron-wide.jpg */,
				AC168952206C6C5F00950C16 /* batmanvsuperman-small.jpg */,
			);
			path = Files;
			sourceTree = "<group>";
		};
/* End PBXGroup section */

/* Begin PBXNativeTarget section */
		07780D481E6D860E00BC3630 /* MoviesLib */ = {
			isa = PBXNativeTarget;
			buildConfigurationList = 07780D5B1E6D860E00BC3630 /* Build configuration list for PBXNativeTarget "MoviesLib" */;
			buildPhases = (
				07780D451E6D860E00BC3630 /* Sources */,
				07780D461E6D860E00BC3630 /* Frameworks */,
				07780D471E6D860E00BC3630 /* Resources */,
			);
			buildRules = (
			);
			dependencies = (
			);
			name = MoviesLib;
			productName = MoviesLib;
			productReference = 07780D491E6D860E00BC3630 /* MoviesLib.app */;
			productType = "com.apple.product-type.application";
		};
/* End PBXNativeTarget section */

/* Begin PBXProject section */
		07780D411E6D860E00BC3630 /* Project object */ = {
			isa = PBXProject;
			attributes = {
				LastSwiftUpdateCheck = 0820;
				LastUpgradeCheck = 0820;
				ORGANIZATIONNAME = EricBrito;
				TargetAttributes = {
					07780D481E6D860E00BC3630 = {
						CreatedOnToolsVersion = 8.2.1;
						ProvisioningStyle = Automatic;
					};
				};
			};
			buildConfigurationList = 07780D441E6D860E00BC3630 /* Build configuration list for PBXProject "MoviesLib" */;
			compatibilityVersion = "Xcode 3.2";
			developmentRegion = English;
			hasScannedForEncodings = 0;
			knownRegions = (
				en,
				Base,
			);
			mainGroup = 07780D401E6D860E00BC3630;
			productRefGroup = 07780D4A1E6D860E00BC3630 /* Products */;
			projectDirPath = "";
			projectRoot = "";
			targets = (
				07780D481E6D860E00BC3630 /* MoviesLib */,
			);
		};
/* End PBXProject section */

/* Begin PBXResourcesBuildPhase section */
		07780D471E6D860E00BC3630 /* Resources */ = {
			isa = PBXResourcesBuildPhase;
			buildActionMask = 2147483647;
			files = (
				AC16895D206C6C6300950C16 /* madmax-wide.jpg in Resources */,
				AC16896A206C6C6300950C16 /* logan-small.jpg in Resources */,
				AC168966206C6C6300950C16 /* legobatman-small.jpg in Resources */,
				AC16896F206C6C6300950C16 /* logan-wide.jpg in Resources */,
				07780D571E6D860E00BC3630 /* LaunchScreen.storyboard in Resources */,
				AC168965206C6C6300950C16 /* avengersultron-wide.jpg in Resources */,
				AC168972206C6C6300950C16 /* sully-wide.jpg in Resources */,
				07780D541E6D860E00BC3630 /* Assets.xcassets in Resources */,
				AC16896C206C6C6300950C16 /* batmanvsuperman-small.jpg in Resources */,
				AC16895E206C6C6300950C16 /* suicidesquad-small.jpg in Resources */,
				AC168964206C6C6300950C16 /* civilwar-small.jpg in Resources */,
				AC168971206C6C6300950C16 /* suicidesquad-wide.jpg in Resources */,
				AC16896D206C6C6300950C16 /* legobatman-wide.jpg in Resources */,
				AC168969206C6C6300950C16 /* kongskull-wide.jpg in Resources */,
				AC16895F206C6C6300950C16 /* kongskull-small.jpg in Resources */,
				AC168976206C6C6300950C16 /* batmanvsuperman-wide.jpg in Resources */,
				AC168961206C6C6300950C16 /* rogueone-wide.jpg in Resources */,
				AC168960206C6C6300950C16 /* madmax-small.jpg in Resources */,
				AC168963206C6C6300950C16 /* arrival-wide.jpg in Resources */,
				AC16896E206C6C6300950C16 /* deadpool-small.jpg in Resources */,
				AC168968206C6C6300950C16 /* rogueone-small.jpg in Resources */,
				AC168973206C6C6300950C16 /* avengersultron-small.jpg in Resources */,
				AC168975206C6C6300950C16 /* arrival-small.jpg in Resources */,
				AC168970206C6C6300950C16 /* doctorstrange-wide.jpg in Resources */,
				AC168967206C6C6300950C16 /* doctorstrange-small.jpg in Resources */,
				AC168974206C6C6300950C16 /* civilwar-wide.jpg in Resources */,
				AC168962206C6C6300950C16 /* sully-small.jpg in Resources */,
				AC16896B206C6C6300950C16 /* deadpool-wide.jpg in Resources */,
				ACBDE46E206C4EA700E43222 /* movies.json in Resources */,
				07780D521E6D860E00BC3630 /* Main.storyboard in Resources */,
			);
			runOnlyForDeploymentPostprocessing = 0;
		};
/* End PBXResourcesBuildPhase section */

/* Begin PBXSourcesBuildPhase section */
		07780D451E6D860E00BC3630 /* Sources */ = {
			isa = PBXSourcesBuildPhase;
			buildActionMask = 2147483647;
			files = (
				AC168942206C693B00950C16 /* MovieTableViewCell.swift in Sources */,
				ACBDE472206C508500E43222 /* MoviesTableViewController.swift in Sources */,
				07780D4F1E6D860E00BC3630 /* MovieViewController.swift in Sources */,
				07780D4D1E6D860E00BC3630 /* AppDelegate.swift in Sources */,
				ACBDE470206C4EFB00E43222 /* Movie.swift in Sources */,
			);
			runOnlyForDeploymentPostprocessing = 0;
		};
/* End PBXSourcesBuildPhase section */

/* Begin PBXVariantGroup section */
		07780D501E6D860E00BC3630 /* Main.storyboard */ = {
			isa = PBXVariantGroup;
			children = (
				07780D511E6D860E00BC3630 /* Base */,
			);
			name = Main.storyboard;
			sourceTree = "<group>";
		};
		07780D551E6D860E00BC3630 /* LaunchScreen.storyboard */ = {
			isa = PBXVariantGroup;
			children = (
				07780D561E6D860E00BC3630 /* Base */,
			);
			name = LaunchScreen.storyboard;
			sourceTree = "<group>";
		};
/* End PBXVariantGroup section */

/* Begin XCBuildConfiguration section */
		07780D591E6D860E00BC3630 /* Debug */ = {
			isa = XCBuildConfiguration;
			buildSettings = {
				ALWAYS_SEARCH_USER_PATHS = NO;
				CLANG_ANALYZER_NONNULL = YES;
				CLANG_CXX_LANGUAGE_STANDARD = "gnu++0x";
				CLANG_CXX_LIBRARY = "libc++";
				CLANG_ENABLE_MODULES = YES;
				CLANG_ENABLE_OBJC_ARC = YES;
				CLANG_WARN_BOOL_CONVERSION = YES;
				CLANG_WARN_CONSTANT_CONVERSION = YES;
				CLANG_WARN_DIRECT_OBJC_ISA_USAGE = YES_ERROR;
				CLANG_WARN_DOCUMENTATION_COMMENTS = YES;
				CLANG_WARN_EMPTY_BODY = YES;
				CLANG_WARN_ENUM_CONVERSION = YES;
				CLANG_WARN_INFINITE_RECURSION = YES;
				CLANG_WARN_INT_CONVERSION = YES;
				CLANG_WARN_OBJC_ROOT_CLASS = YES_ERROR;
				CLANG_WARN_SUSPICIOUS_MOVE = YES;
				CLANG_WARN_UNREACHABLE_CODE = YES;
				CLANG_WARN__DUPLICATE_METHOD_MATCH = YES;
				"CODE_SIGN_IDENTITY[sdk=iphoneos*]" = "iPhone Developer";
				COPY_PHASE_STRIP = NO;
				DEBUG_INFORMATION_FORMAT = dwarf;
				ENABLE_STRICT_OBJC_MSGSEND = YES;
				ENABLE_TESTABILITY = YES;
				GCC_C_LANGUAGE_STANDARD = gnu99;
				GCC_DYNAMIC_NO_PIC = NO;
				GCC_NO_COMMON_BLOCKS = YES;
				GCC_OPTIMIZATION_LEVEL = 0;
				GCC_PREPROCESSOR_DEFINITIONS = (
					"DEBUG=1",
					"$(inherited)",
				);
				GCC_WARN_64_TO_32_BIT_CONVERSION = YES;
				GCC_WARN_ABOUT_RETURN_TYPE = YES_ERROR;
				GCC_WARN_UNDECLARED_SELECTOR = YES;
				GCC_WARN_UNINITIALIZED_AUTOS = YES_AGGRESSIVE;
				GCC_WARN_UNUSED_FUNCTION = YES;
				GCC_WARN_UNUSED_VARIABLE = YES;
				IPHONEOS_DEPLOYMENT_TARGET = 10.2;
				MTL_ENABLE_DEBUG_INFO = YES;
				ONLY_ACTIVE_ARCH = YES;
				SDKROOT = iphoneos;
				SWIFT_ACTIVE_COMPILATION_CONDITIONS = DEBUG;
				SWIFT_OPTIMIZATION_LEVEL = "-Onone";
			};
			name = Debug;
		};
		07780D5A1E6D860E00BC3630 /* Release */ = {
			isa = XCBuildConfiguration;
			buildSettings = {
				ALWAYS_SEARCH_USER_PATHS = NO;
				CLANG_ANALYZER_NONNULL = YES;
				CLANG_CXX_LANGUAGE_STANDARD = "gnu++0x";
				CLANG_CXX_LIBRARY = "libc++";
				CLANG_ENABLE_MODULES = YES;
				CLANG_ENABLE_OBJC_ARC = YES;
				CLANG_WARN_BOOL_CONVERSION = YES;
				CLANG_WARN_CONSTANT_CONVERSION = YES;
				CLANG_WARN_DIRECT_OBJC_ISA_USAGE = YES_ERROR;
				CLANG_WARN_DOCUMENTATION_COMMENTS = YES;
				CLANG_WARN_EMPTY_BODY = YES;
				CLANG_WARN_ENUM_CONVERSION = YES;
				CLANG_WARN_INFINITE_RECURSION = YES;
				CLANG_WARN_INT_CONVERSION = YES;
				CLANG_WARN_OBJC_ROOT_CLASS = YES_ERROR;
				CLANG_WARN_SUSPICIOUS_MOVE = YES;
				CLANG_WARN_UNREACHABLE_CODE = YES;
				CLANG_WARN__DUPLICATE_METHOD_MATCH = YES;
				"CODE_SIGN_IDENTITY[sdk=iphoneos*]" = "iPhone Developer";
				COPY_PHASE_STRIP = NO;
				DEBUG_INFORMATION_FORMAT = "dwarf-with-dsym";
				ENABLE_NS_ASSERTIONS = NO;
				ENABLE_STRICT_OBJC_MSGSEND = YES;
				GCC_C_LANGUAGE_STANDARD = gnu99;
				GCC_NO_COMMON_BLOCKS = YES;
				GCC_WARN_64_TO_32_BIT_CONVERSION = YES;
				GCC_WARN_ABOUT_RETURN_TYPE = YES_ERROR;
				GCC_WARN_UNDECLARED_SELECTOR = YES;
				GCC_WARN_UNINITIALIZED_AUTOS = YES_AGGRESSIVE;
				GCC_WARN_UNUSED_FUNCTION = YES;
				GCC_WARN_UNUSED_VARIABLE = YES;
				IPHONEOS_DEPLOYMENT_TARGET = 10.2;
				MTL_ENABLE_DEBUG_INFO = NO;
				SDKROOT = iphoneos;
				SWIFT_OPTIMIZATION_LEVEL = "-Owholemodule";
				VALIDATE_PRODUCT = YES;
			};
			name = Release;
		};
		07780D5C1E6D860E00BC3630 /* Debug */ = {
			isa = XCBuildConfiguration;
			buildSettings = {
				ASSETCATALOG_COMPILER_APPICON_NAME = AppIcon;
				INFOPLIST_FILE = MoviesLib/Info.plist;
				LD_RUNPATH_SEARCH_PATHS = "$(inherited) @executable_path/Frameworks";
				PRODUCT_BUNDLE_IDENTIFIER = com.ericbrito.MoviesLib;
				PRODUCT_NAME = "$(TARGET_NAME)";
				SWIFT_VERSION = 3.0;
			};
			name = Debug;
		};
		07780D5D1E6D860E00BC3630 /* Release */ = {
			isa = XCBuildConfiguration;
			buildSettings = {
				ASSETCATALOG_COMPILER_APPICON_NAME = AppIcon;
				INFOPLIST_FILE = MoviesLib/Info.plist;
				LD_RUNPATH_SEARCH_PATHS = "$(inherited) @executable_path/Frameworks";
				PRODUCT_BUNDLE_IDENTIFIER = com.ericbrito.MoviesLib;
				PRODUCT_NAME = "$(TARGET_NAME)";
				SWIFT_VERSION = 3.0;
			};
			name = Release;
		};
/* End XCBuildConfiguration section */

/* Begin XCConfigurationList section */
		07780D441E6D860E00BC3630 /* Build configuration list for PBXProject "MoviesLib" */ = {
			isa = XCConfigurationList;
			buildConfigurations = (
				07780D591E6D860E00BC3630 /* Debug */,
				07780D5A1E6D860E00BC3630 /* Release */,
			);
			defaultConfigurationIsVisible = 0;
			defaultConfigurationName = Release;
		};
		07780D5B1E6D860E00BC3630 /* Build configuration list for PBXNativeTarget "MoviesLib" */ = {
			isa = XCConfigurationList;
			buildConfigurations = (
				07780D5C1E6D860E00BC3630 /* Debug */,
				07780D5D1E6D860E00BC3630 /* Release */,
			);
			defaultConfigurationIsVisible = 0;
			defaultConfigurationName = Release;
		};
/* End XCConfigurationList section */
	};
	rootObject = 07780D411E6D860E00BC3630 /* Project object */;
}
